// !$*UTF8*$!
{
	archiveVersion = 1;
	classes = {
	};
	objectVersion = 55;
	objects = {

/* Begin PBXBuildFile section */
		431A4C3427CDDB8B00921775 /* onboardingContainerViewController.swift in Sources */ = {isa = PBXBuildFile; fileRef = 431A4C3327CDDB8B00921775 /* onboardingContainerViewController.swift */; };
		431A4C3627CDE99E00921775 /* page1ViewController.swift in Sources */ = {isa = PBXBuildFile; fileRef = 431A4C3527CDE99E00921775 /* page1ViewController.swift */; };
		431A4C3827CE2F5D00921775 /* constants.swift in Sources */ = {isa = PBXBuildFile; fileRef = 431A4C3727CE2F5D00921775 /* constants.swift */; };
		431A4C3A27CE314000921775 /* loginProtocol.swift in Sources */ = {isa = PBXBuildFile; fileRef = 431A4C3927CE314000921775 /* loginProtocol.swift */; };
		431A4C3C27CE35B600921775 /* onboardingDelegate.swift in Sources */ = {isa = PBXBuildFile; fileRef = 431A4C3B27CE35B600921775 /* onboardingDelegate.swift */; };
		433F4C2427CCA35F00AB3B54 /* AppDelegate.swift in Sources */ = {isa = PBXBuildFile; fileRef = 433F4C2327CCA35F00AB3B54 /* AppDelegate.swift */; };
		433F4C2827CCA35F00AB3B54 /* LoginViewController.swift in Sources */ = {isa = PBXBuildFile; fileRef = 433F4C2727CCA35F00AB3B54 /* LoginViewController.swift */; };
		433F4C2D27CCA36400AB3B54 /* Assets.xcassets in Resources */ = {isa = PBXBuildFile; fileRef = 433F4C2C27CCA36400AB3B54 /* Assets.xcassets */; };
		433F4C3027CCA36400AB3B54 /* LaunchScreen.storyboard in Resources */ = {isa = PBXBuildFile; fileRef = 433F4C2E27CCA36400AB3B54 /* LaunchScreen.storyboard */; };
		433F4C3F27CCB0F100AB3B54 /* LoginView.swift in Sources */ = {isa = PBXBuildFile; fileRef = 433F4C3E27CCB0F100AB3B54 /* LoginView.swift */; };
/* End PBXBuildFile section */

/* Begin PBXFileReference section */
		431A4C3327CDDB8B00921775 /* onboardingContainerViewController.swift */ = {isa = PBXFileReference; lastKnownFileType = sourcecode.swift; path = onboardingContainerViewController.swift; sourceTree = "<group>"; };
		431A4C3527CDE99E00921775 /* page1ViewController.swift */ = {isa = PBXFileReference; lastKnownFileType = sourcecode.swift; path = page1ViewController.swift; sourceTree = "<group>"; };
		431A4C3727CE2F5D00921775 /* constants.swift */ = {isa = PBXFileReference; lastKnownFileType = sourcecode.swift; path = constants.swift; sourceTree = "<group>"; };
		431A4C3927CE314000921775 /* loginProtocol.swift */ = {isa = PBXFileReference; lastKnownFileType = sourcecode.swift; path = loginProtocol.swift; sourceTree = "<group>"; };
		431A4C3B27CE35B600921775 /* onboardingDelegate.swift */ = {isa = PBXFileReference; lastKnownFileType = sourcecode.swift; path = onboardingDelegate.swift; sourceTree = "<group>"; };
		433F4C2027CCA35F00AB3B54 /* login.app */ = {isa = PBXFileReference; explicitFileType = wrapper.application; includeInIndex = 0; path = login.app; sourceTree = BUILT_PRODUCTS_DIR; };
		433F4C2327CCA35F00AB3B54 /* AppDelegate.swift */ = {isa = PBXFileReference; lastKnownFileType = sourcecode.swift; path = AppDelegate.swift; sourceTree = "<group>"; };
		433F4C2727CCA35F00AB3B54 /* LoginViewController.swift */ = {isa = PBXFileReference; lastKnownFileType = sourcecode.swift; path = LoginViewController.swift; sourceTree = "<group>"; };
		433F4C2C27CCA36400AB3B54 /* Assets.xcassets */ = {isa = PBXFileReference; lastKnownFileType = folder.assetcatalog; path = Assets.xcassets; sourceTree = "<group>"; };
		433F4C2F27CCA36400AB3B54 /* Base */ = {isa = PBXFileReference; lastKnownFileType = file.storyboard; name = Base; path = Base.lproj/LaunchScreen.storyboard; sourceTree = "<group>"; };
		433F4C3127CCA36400AB3B54 /* Info.plist */ = {isa = PBXFileReference; lastKnownFileType = text.plist.xml; path = Info.plist; sourceTree = "<group>"; };
		433F4C3E27CCB0F100AB3B54 /* LoginView.swift */ = {isa = PBXFileReference; lastKnownFileType = sourcecode.swift; path = LoginView.swift; sourceTree = "<group>"; };
/* End PBXFileReference section */

/* Begin PBXFrameworksBuildPhase section */
		433F4C1D27CCA35F00AB3B54 /* Frameworks */ = {
			isa = PBXFrameworksBuildPhase;
			buildActionMask = 2147483647;
			files = (
			);
			runOnlyForDeploymentPostprocessing = 0;
		};
/* End PBXFrameworksBuildPhase section */

/* Begin PBXGroup section */
		431A4C3227CDDB6200921775 /* onboarding */ = {
			isa = PBXGroup;
			children = (
				431A4C3327CDDB8B00921775 /* onboardingContainerViewController.swift */,
				431A4C3527CDE99E00921775 /* page1ViewController.swift */,
				431A4C3B27CE35B600921775 /* onboardingDelegate.swift */,
			);
			path = onboarding;
			sourceTree = "<group>";
		};
		433F4C1727CCA35F00AB3B54 = {
			isa = PBXGroup;
			children = (
				433F4C2227CCA35F00AB3B54 /* login */,
				433F4C2127CCA35F00AB3B54 /* Products */,
			);
			sourceTree = "<group>";
		};
		433F4C2127CCA35F00AB3B54 /* Products */ = {
			isa = PBXGroup;
			children = (
				433F4C2027CCA35F00AB3B54 /* login.app */,
			);
			name = Products;
			sourceTree = "<group>";
		};
		433F4C2227CCA35F00AB3B54 /* login */ = {
			isa = PBXGroup;
			children = (
				431A4C3227CDDB6200921775 /* onboarding */,
				433F4C2327CCA35F00AB3B54 /* AppDelegate.swift */,
				433F4C3727CCAD6100AB3B54 /* login */,
				433F4C2C27CCA36400AB3B54 /* Assets.xcassets */,
				433F4C2E27CCA36400AB3B54 /* LaunchScreen.storyboard */,
				433F4C3127CCA36400AB3B54 /* Info.plist */,
				431A4C3727CE2F5D00921775 /* constants.swift */,
			);
			path = login;
			sourceTree = "<group>";
		};
		433F4C3727CCAD6100AB3B54 /* login */ = {
			isa = PBXGroup;
			children = (
				433F4C2727CCA35F00AB3B54 /* LoginViewController.swift */,
				433F4C3E27CCB0F100AB3B54 /* LoginView.swift */,
				431A4C3927CE314000921775 /* loginProtocol.swift */,
			);
			path = login;
			sourceTree = "<group>";
		};
/* End PBXGroup section */

/* Begin PBXNativeTarget section */
		433F4C1F27CCA35F00AB3B54 /* login */ = {
			isa = PBXNativeTarget;
			buildConfigurationList = 433F4C3427CCA36400AB3B54 /* Build configuration list for PBXNativeTarget "login" */;
			buildPhases = (
				433F4C1C27CCA35F00AB3B54 /* Sources */,
				433F4C1D27CCA35F00AB3B54 /* Frameworks */,
				433F4C1E27CCA35F00AB3B54 /* Resources */,
			);
			buildRules = (
			);
			dependencies = (
			);
			name = login;
			productName = login;
			productReference = 433F4C2027CCA35F00AB3B54 /* login.app */;
			productType = "com.apple.product-type.application";
		};
/* End PBXNativeTarget section */

/* Begin PBXProject section */
		433F4C1827CCA35F00AB3B54 /* Project object */ = {
			isa = PBXProject;
			attributes = {
				BuildIndependentTargetsInParallel = 1;
				LastSwiftUpdateCheck = 1320;
				LastUpgradeCheck = 1320;
				TargetAttributes = {
					433F4C1F27CCA35F00AB3B54 = {
						CreatedOnToolsVersion = 13.2.1;
					};
				};
			};
			buildConfigurationList = 433F4C1B27CCA35F00AB3B54 /* Build configuration list for PBXProject "login" */;
			compatibilityVersion = "Xcode 13.0";
			developmentRegion = en;
			hasScannedForEncodings = 0;
			knownRegions = (
				en,
				Base,
			);
			mainGroup = 433F4C1727CCA35F00AB3B54;
			productRefGroup = 433F4C2127CCA35F00AB3B54 /* Products */;
			projectDirPath = "";
			projectRoot = "";
			targets = (
				433F4C1F27CCA35F00AB3B54 /* login */,
			);
		};
/* End PBXProject section */

/* Begin PBXResourcesBuildPhase section */
		433F4C1E27CCA35F00AB3B54 /* Resources */ = {
			isa = PBXResourcesBuildPhase;
			buildActionMask = 2147483647;
			files = (
				433F4C3027CCA36400AB3B54 /* LaunchScreen.storyboard in Resources */,
				433F4C2D27CCA36400AB3B54 /* Assets.xcassets in Resources */,
			);
			runOnlyForDeploymentPostprocessing = 0;
		};
/* End PBXResourcesBuildPhase section */

/* Begin PBXSourcesBuildPhase section */
		433F4C1C27CCA35F00AB3B54 /* Sources */ = {
			isa = PBXSourcesBuildPhase;
			buildActionMask = 2147483647;
			files = (
				433F4C3F27CCB0F100AB3B54 /* LoginView.swift in Sources */,
				431A4C3C27CE35B600921775 /* onboardingDelegate.swift in Sources */,
				433F4C2827CCA35F00AB3B54 /* LoginViewController.swift in Sources */,
				431A4C3627CDE99E00921775 /* page1ViewController.swift in Sources */,
				431A4C3A27CE314000921775 /* loginProtocol.swift in Sources */,
				433F4C2427CCA35F00AB3B54 /* AppDelegate.swift in Sources */,
				431A4C3427CDDB8B00921775 /* onboardingContainerViewController.swift in Sources */,
				431A4C3827CE2F5D00921775 /* constants.swift in Sources */,
			);
			runOnlyForDeploymentPostprocessing = 0;
		};
/* End PBXSourcesBuildPhase section */

/* Begin PBXVariantGroup section */
		433F4C2E27CCA36400AB3B54 /* LaunchScreen.storyboard */ = {
			isa = PBXVariantGroup;
			children = (
				433F4C2F27CCA36400AB3B54 /* Base */,
			);
			name = LaunchScreen.storyboard;
			sourceTree = "<group>";
		};
/* End PBXVariantGroup section */

/* Begin XCBuildConfiguration section */
		433F4C3227CCA36400AB3B54 /* Debug */ = {
			isa = XCBuildConfiguration;
			buildSettings = {
				ALWAYS_SEARCH_USER_PATHS = NO;
				CLANG_ANALYZER_NONNULL = YES;
				CLANG_ANALYZER_NUMBER_OBJECT_CONVERSION = YES_AGGRESSIVE;
				CLANG_CXX_LANGUAGE_STANDARD = "gnu++17";
				CLANG_CXX_LIBRARY = "libc++";
				CLANG_ENABLE_MODULES = YES;
				CLANG_ENABLE_OBJC_ARC = YES;
				CLANG_ENABLE_OBJC_WEAK = YES;
				CLANG_WARN_BLOCK_CAPTURE_AUTORELEASING = YES;
				CLANG_WARN_BOOL_CONVERSION = YES;
				CLANG_WARN_COMMA = YES;
				CLANG_WARN_CONSTANT_CONVERSION = YES;
				CLANG_WARN_DEPRECATED_OBJC_IMPLEMENTATIONS = YES;
				CLANG_WARN_DIRECT_OBJC_ISA_USAGE = YES_ERROR;
				CLANG_WARN_DOCUMENTATION_COMMENTS = YES;
				CLANG_WARN_EMPTY_BODY = YES;
				CLANG_WARN_ENUM_CONVERSION = YES;
				CLANG_WARN_INFINITE_RECURSION = YES;
				CLANG_WARN_INT_CONVERSION = YES;
				CLANG_WARN_NON_LITERAL_NULL_CONVERSION = YES;
				CLANG_WARN_OBJC_IMPLICIT_RETAIN_SELF = YES;
				CLANG_WARN_OBJC_LITERAL_CONVERSION = YES;
				CLANG_WARN_OBJC_ROOT_CLASS = YES_ERROR;
				CLANG_WARN_QUOTED_INCLUDE_IN_FRAMEWORK_HEADER = YES;
				CLANG_WARN_RANGE_LOOP_ANALYSIS = YES;
				CLANG_WARN_STRICT_PROTOTYPES = YES;
				CLANG_WARN_SUSPICIOUS_MOVE = YES;
				CLANG_WARN_UNGUARDED_AVAILABILITY = YES_AGGRESSIVE;
				CLANG_WARN_UNREACHABLE_CODE = YES;
				CLANG_WARN__DUPLICATE_METHOD_MATCH = YES;
				COPY_PHASE_STRIP = NO;
				DEBUG_INFORMATION_FORMAT = dwarf;
				ENABLE_STRICT_OBJC_MSGSEND = YES;
				ENABLE_TESTABILITY = YES;
				GCC_C_LANGUAGE_STANDARD = gnu11;
				GCC_DYNAMIC_NO_PIC = NO;
				GCC_NO_COMMON_BLOCKS = YES;
				GCC_OPTIMIZATION_LEVEL = 0;
				GCC_PREPROCESSOR_DEFINITIONS = (
					"DEBUG=1",
					"$(inherited)",
				);
				GCC_WARN_64_TO_32_BIT_CONVERSION = YES;
				GCC_WARN_ABOUT_RETURN_TYPE = YES_ERROR;
				GCC_WARN_UNDECLARED_SELECTOR = YES;
				GCC_WARN_UNINITIALIZED_AUTOS = YES_AGGRESSIVE;
				GCC_WARN_UNUSED_FUNCTION = YES;
				GCC_WARN_UNUSED_VARIABLE = YES;
				IPHONEOS_DEPLOYMENT_TARGET = 15.2;
				MTL_ENABLE_DEBUG_INFO = INCLUDE_SOURCE;
				MTL_FAST_MATH = YES;
				ONLY_ACTIVE_ARCH = YES;
				SDKROOT = iphoneos;
				SWIFT_ACTIVE_COMPILATION_CONDITIONS = DEBUG;
				SWIFT_OPTIMIZATION_LEVEL = "-Onone";
			};
			name = Debug;
		};
		433F4C3327CCA36400AB3B54 /* Release */ = {
			isa = XCBuildConfiguration;
			buildSettings = {
				ALWAYS_SEARCH_USER_PATHS = NO;
				CLANG_ANALYZER_NONNULL = YES;
				CLANG_ANALYZER_NUMBER_OBJECT_CONVERSION = YES_AGGRESSIVE;
				CLANG_CXX_LANGUAGE_STANDARD = "gnu++17";
				CLANG_CXX_LIBRARY = "libc++";
				CLANG_ENABLE_MODULES = YES;
				CLANG_ENABLE_OBJC_ARC = YES;
				CLANG_ENABLE_OBJC_WEAK = YES;
				CLANG_WARN_BLOCK_CAPTURE_AUTORELEASING = YES;
				CLANG_WARN_BOOL_CONVERSION = YES;
				CLANG_WARN_COMMA = YES;
				CLANG_WARN_CONSTANT_CONVERSION = YES;
				CLANG_WARN_DEPRECATED_OBJC_IMPLEMENTATIONS = YES;
				CLANG_WARN_DIRECT_OBJC_ISA_USAGE = YES_ERROR;
				CLANG_WARN_DOCUMENTATION_COMMENTS = YES;
				CLANG_WARN_EMPTY_BODY = YES;
				CLANG_WARN_ENUM_CONVERSION = YES;
				CLANG_WARN_INFINITE_RECURSION = YES;
				CLANG_WARN_INT_CONVERSION = YES;
				CLANG_WARN_NON_LITERAL_NULL_CONVERSION = YES;
				CLANG_WARN_OBJC_IMPLICIT_RETAIN_SELF = YES;
				CLANG_WARN_OBJC_LITERAL_CONVERSION = YES;
				CLANG_WARN_OBJC_ROOT_CLASS = YES_ERROR;
				CLANG_WARN_QUOTED_INCLUDE_IN_FRAMEWORK_HEADER = YES;
				CLANG_WARN_RANGE_LOOP_ANALYSIS = YES;
				CLANG_WARN_STRICT_PROTOTYPES = YES;
				CLANG_WARN_SUSPICIOUS_MOVE = YES;
				CLANG_WARN_UNGUARDED_AVAILABILITY = YES_AGGRESSIVE;
				CLANG_WARN_UNREACHABLE_CODE = YES;
				CLANG_WARN__DUPLICATE_METHOD_MATCH = YES;
				COPY_PHASE_STRIP = NO;
				DEBUG_INFORMATION_FORMAT = "dwarf-with-dsym";
				ENABLE_NS_ASSERTIONS = NO;
				ENABLE_STRICT_OBJC_MSGSEND = YES;
				GCC_C_LANGUAGE_STANDARD = gnu11;
				GCC_NO_COMMON_BLOCKS = YES;
				GCC_WARN_64_TO_32_BIT_CONVERSION = YES;
				GCC_WARN_ABOUT_RETURN_TYPE = YES_ERROR;
				GCC_WARN_UNDECLARED_SELECTOR = YES;
				GCC_WARN_UNINITIALIZED_AUTOS = YES_AGGRESSIVE;
				GCC_WARN_UNUSED_FUNCTION = YES;
				GCC_WARN_UNUSED_VARIABLE = YES;
				IPHONEOS_DEPLOYMENT_TARGET = 15.2;
				MTL_ENABLE_DEBUG_INFO = NO;
				MTL_FAST_MATH = YES;
				SDKROOT = iphoneos;
				SWIFT_COMPILATION_MODE = wholemodule;
				SWIFT_OPTIMIZATION_LEVEL = "-O";
				VALIDATE_PRODUCT = YES;
			};
			name = Release;
		};
		433F4C3527CCA36400AB3B54 /* Debug */ = {
			isa = XCBuildConfiguration;
			buildSettings = {
				ASSETCATALOG_COMPILER_APPICON_NAME = AppIcon;
				ASSETCATALOG_COMPILER_GLOBAL_ACCENT_COLOR_NAME = AccentColor;
				CODE_SIGN_STYLE = Automatic;
				CURRENT_PROJECT_VERSION = 1;
				GENERATE_INFOPLIST_FILE = YES;
				INFOPLIST_FILE = login/Info.plist;
				INFOPLIST_KEY_UIApplicationSupportsIndirectInputEvents = YES;
				INFOPLIST_KEY_UILaunchStoryboardName = LaunchScreen;
				INFOPLIST_KEY_UISupportedInterfaceOrientations_iPad = "UIInterfaceOrientationPortrait UIInterfaceOrientationPortraitUpsideDown UIInterfaceOrientationLandscapeLeft UIInterfaceOrientationLandscapeRight";
				INFOPLIST_KEY_UISupportedInterfaceOrientations_iPhone = "UIInterfaceOrientationPortrait UIInterfaceOrientationLandscapeLeft UIInterfaceOrientationLandscapeRight";
				LD_RUNPATH_SEARCH_PATHS = (
					"$(inherited)",
					"@executable_path/Frameworks",
				);
				MARKETING_VERSION = 1.0;
				PRODUCT_BUNDLE_IDENTIFIER = starki.login;
				PRODUCT_NAME = "$(TARGET_NAME)";
				SWIFT_EMIT_LOC_STRINGS = YES;
				SWIFT_VERSION = 5.0;
				TARGETED_DEVICE_FAMILY = "1,2";
			};
			name = Debug;
		};
		433F4C3627CCA36400AB3B54 /* Release */ = {
			isa = XCBuildConfiguration;
			buildSettings = {
				ASSETCATALOG_COMPILER_APPICON_NAME = AppIcon;
				ASSETCATALOG_COMPILER_GLOBAL_ACCENT_COLOR_NAME = AccentColor;
				CODE_SIGN_STYLE = Automatic;
				CURRENT_PROJECT_VERSION = 1;
				GENERATE_INFOPLIST_FILE = YES;
				INFOPLIST_FILE = login/Info.plist;
				INFOPLIST_KEY_UIApplicationSupportsIndirectInputEvents = YES;
				INFOPLIST_KEY_UILaunchStoryboardName = LaunchScreen;
				INFOPLIST_KEY_UISupportedInterfaceOrientations_iPad = "UIInterfaceOrientationPortrait UIInterfaceOrientationPortraitUpsideDown UIInterfaceOrientationLandscapeLeft UIInterfaceOrientationLandscapeRight";
				INFOPLIST_KEY_UISupportedInterfaceOrientations_iPhone = "UIInterfaceOrientationPortrait UIInterfaceOrientationLandscapeLeft UIInterfaceOrientationLandscapeRight";
				LD_RUNPATH_SEARCH_PATHS = (
					"$(inherited)",
					"@executable_path/Frameworks",
				);
				MARKETING_VERSION = 1.0;
				PRODUCT_BUNDLE_IDENTIFIER = starki.login;
				PRODUCT_NAME = "$(TARGET_NAME)";
				SWIFT_EMIT_LOC_STRINGS = YES;
				SWIFT_VERSION = 5.0;
				TARGETED_DEVICE_FAMILY = "1,2";
			};
			name = Release;
		};
/* End XCBuildConfiguration section */

/* Begin XCConfigurationList section */
		433F4C1B27CCA35F00AB3B54 /* Build configuration list for PBXProject "login" */ = {
			isa = XCConfigurationList;
			buildConfigurations = (
				433F4C3227CCA36400AB3B54 /* Debug */,
				433F4C3327CCA36400AB3B54 /* Release */,
			);
			defaultConfigurationIsVisible = 0;
			defaultConfigurationName = Release;
		};
		433F4C3427CCA36400AB3B54 /* Build configuration list for PBXNativeTarget "login" */ = {
			isa = XCConfigurationList;
			buildConfigurations = (
				433F4C3527CCA36400AB3B54 /* Debug */,
				433F4C3627CCA36400AB3B54 /* Release */,
			);
			defaultConfigurationIsVisible = 0;
			defaultConfigurationName = Release;
		};
/* End XCConfigurationList section */
	};
	rootObject = 433F4C1827CCA35F00AB3B54 /* Project object */;
}
